{
  "version": 4,
  "terraform_version": "1.14.1",
  "serial": 19,
  "lineage": "9c2dfad8-4623-2e19-d991-0571abf0c3f6",
  "outputs": {
    "load_balancer_ip": {
      "value": "136.110.140.205",
      "type": "string"
    },
    "vm1_public_ip": {
      "value": "34.28.81.1",
      "type": "string"
    },
    "vm2_public_ip": {
      "value": "34.132.79.174",
      "type": "string"
    }
  },
  "resources": [
    {
      "mode": "managed",
      "type": "google_compute_backend_service",
      "name": "backend",
      "provider": "provider[\"registry.terraform.io/hashicorp/google\"]",
      "instances": [
        {
          "schema_version": 1,
          "attributes": {
            "affinity_cookie_ttl_sec": 0,
            "backend": [
              {
                "balancing_mode": "UTILIZATION",
                "capacity_scaler": 1,
                "description": "",
                "group": "https://www.googleapis.com/compute/v1/projects/kkgcplabs01-030/zones/us-central1-a/instanceGroups/mage-instance-group",
                "max_connections": 0,
                "max_connections_per_endpoint": 0,
                "max_connections_per_instance": 0,
                "max_rate": 0,
                "max_rate_per_endpoint": 0,
                "max_rate_per_instance": 0,
                "max_utilization": 0
              }
            ],
            "cdn_policy": [],
            "circuit_breakers": [],
            "compression_mode": "",
            "connection_draining_timeout_sec": 300,
            "consistent_hash": [],
            "creation_timestamp": "2025-12-09T20:54:29.704-08:00",
            "custom_request_headers": [],
            "custom_response_headers": [],
            "description": "",
            "edge_security_policy": "",
            "enable_cdn": false,
            "fingerprint": "rmwaqNRXuhE=",
            "generated_id": 5359755580851700714,
            "health_checks": [
              "https://www.googleapis.com/compute/v1/projects/kkgcplabs01-030/global/healthChecks/mage-health-check"
            ],
            "iap": [],
            "id": "projects/kkgcplabs01-030/global/backendServices/mage-backend",
            "load_balancing_scheme": "EXTERNAL",
            "locality_lb_policies": [],
            "locality_lb_policy": "",
            "log_config": [],
            "name": "mage-backend",
            "outlier_detection": [],
            "port_name": "http",
            "project": "kkgcplabs01-030",
            "protocol": "HTTP",
            "security_policy": "",
            "security_settings": [],
            "self_link": "https://www.googleapis.com/compute/v1/projects/kkgcplabs01-030/global/backendServices/mage-backend",
            "service_lb_policy": "",
            "session_affinity": "NONE",
            "timeout_sec": 30,
            "timeouts": null
          },
          "sensitive_attributes": [],
          "identity_schema_version": 0,
          "private": "eyJlMmJmYjczMC1lY2FhLTExZTYtOGY4OC0zNDM2M2JjN2M0YzAiOnsiY3JlYXRlIjoxMjAwMDAwMDAwMDAwLCJkZWxldGUiOjEyMDAwMDAwMDAwMDAsInVwZGF0ZSI6MTIwMDAwMDAwMDAwMH0sInNjaGVtYV92ZXJzaW9uIjoiMSJ9",
          "dependencies": [
            "google_compute_health_check.hc",
            "google_compute_instance.vm1",
            "google_compute_instance.vm2",
            "google_compute_instance_group.ig",
            "google_compute_network.vpc",
            "google_compute_subnetwork.subnet"
          ]
        }
      ]
    },
    {
      "mode": "managed",
      "type": "google_compute_firewall",
      "name": "allow_8080",
      "provider": "provider[\"registry.terraform.io/hashicorp/google\"]",
      "instances": [
        {
          "schema_version": 1,
          "attributes": {
            "allow": [
              {
                "ports": [
                  "8080"
                ],
                "protocol": "tcp"
              }
            ],
            "creation_timestamp": "2025-12-09T22:10:03.966-08:00",
            "deny": [],
            "description": "",
            "destination_ranges": [],
            "direction": "INGRESS",
            "disabled": false,
            "enable_logging": null,
            "id": "projects/kkgcplabs01-030/global/firewalls/allow-8080",
            "log_config": [],
            "name": "allow-8080",
            "network": "https://www.googleapis.com/compute/v1/projects/kkgcplabs01-030/global/networks/mage-vpc",
            "priority": 1000,
            "project": "kkgcplabs01-030",
            "self_link": "https://www.googleapis.com/compute/v1/projects/kkgcplabs01-030/global/firewalls/allow-8080",
            "source_ranges": [
              "0.0.0.0/0"
            ],
            "source_service_accounts": [],
            "source_tags": [],
            "target_service_accounts": [],
            "target_tags": [
              "mage"
            ],
            "timeouts": null
          },
          "sensitive_attributes": [],
          "identity_schema_version": 0,
          "private": "eyJlMmJmYjczMC1lY2FhLTExZTYtOGY4OC0zNDM2M2JjN2M0YzAiOnsiY3JlYXRlIjoxMjAwMDAwMDAwMDAwLCJkZWxldGUiOjEyMDAwMDAwMDAwMDAsInVwZGF0ZSI6MTIwMDAwMDAwMDAwMH0sInNjaGVtYV92ZXJzaW9uIjoiMSJ9",
          "dependencies": [
            "google_compute_network.vpc"
          ]
        }
      ]
    },
    {
      "mode": "managed",
      "type": "google_compute_firewall",
      "name": "allow_mage",
      "provider": "provider[\"registry.terraform.io/hashicorp/google\"]",
      "instances": [
        {
          "schema_version": 1,
          "attributes": {
            "allow": [
              {
                "ports": [
                  "6789"
                ],
                "protocol": "tcp"
              }
            ],
            "creation_timestamp": "2025-12-09T20:53:28.717-08:00",
            "deny": [],
            "description": "",
            "destination_ranges": [],
            "direction": "INGRESS",
            "disabled": false,
            "enable_logging": null,
            "id": "projects/kkgcplabs01-030/global/firewalls/allow-mage",
            "log_config": [],
            "name": "allow-mage",
            "network": "https://www.googleapis.com/compute/v1/projects/kkgcplabs01-030/global/networks/mage-vpc",
            "priority": 1000,
            "project": "kkgcplabs01-030",
            "self_link": "https://www.googleapis.com/compute/v1/projects/kkgcplabs01-030/global/firewalls/allow-mage",
            "source_ranges": [
              "0.0.0.0/0"
            ],
            "source_service_accounts": [],
            "source_tags": [],
            "target_service_accounts": [],
            "target_tags": [],
            "timeouts": null
          },
          "sensitive_attributes": [],
          "identity_schema_version": 0,
          "private": "eyJlMmJmYjczMC1lY2FhLTExZTYtOGY4OC0zNDM2M2JjN2M0YzAiOnsiY3JlYXRlIjoxMjAwMDAwMDAwMDAwLCJkZWxldGUiOjEyMDAwMDAwMDAwMDAsInVwZGF0ZSI6MTIwMDAwMDAwMDAwMH0sInNjaGVtYV92ZXJzaW9uIjoiMSJ9",
          "dependencies": [
            "google_compute_network.vpc"
          ]
        }
      ]
    },
    {
      "mode": "managed",
      "type": "google_compute_firewall",
      "name": "allow_ssh",
      "provider": "provider[\"registry.terraform.io/hashicorp/google\"]",
      "instances": [
        {
          "schema_version": 1,
          "attributes": {
            "allow": [
              {
                "ports": [
                  "22"
                ],
                "protocol": "tcp"
              }
            ],
            "creation_timestamp": "2025-12-09T20:53:29.091-08:00",
            "deny": [],
            "description": "",
            "destination_ranges": [],
            "direction": "INGRESS",
            "disabled": false,
            "enable_logging": null,
            "id": "projects/kkgcplabs01-030/global/firewalls/allow-ssh",
            "log_config": [],
            "name": "allow-ssh",
            "network": "https://www.googleapis.com/compute/v1/projects/kkgcplabs01-030/global/networks/mage-vpc",
            "priority": 1000,
            "project": "kkgcplabs01-030",
            "self_link": "https://www.googleapis.com/compute/v1/projects/kkgcplabs01-030/global/firewalls/allow-ssh",
            "source_ranges": [
              "0.0.0.0/0"
            ],
            "source_service_accounts": [],
            "source_tags": [],
            "target_service_accounts": [],
            "target_tags": [],
            "timeouts": null
          },
          "sensitive_attributes": [],
          "identity_schema_version": 0,
          "private": "eyJlMmJmYjczMC1lY2FhLTExZTYtOGY4OC0zNDM2M2JjN2M0YzAiOnsiY3JlYXRlIjoxMjAwMDAwMDAwMDAwLCJkZWxldGUiOjEyMDAwMDAwMDAwMDAsInVwZGF0ZSI6MTIwMDAwMDAwMDAwMH0sInNjaGVtYV92ZXJzaW9uIjoiMSJ9",
          "dependencies": [
            "google_compute_network.vpc"
          ]
        }
      ]
    },
    {
      "mode": "managed",
      "type": "google_compute_firewall",
      "name": "swarm",
      "provider": "provider[\"registry.terraform.io/hashicorp/google\"]",
      "instances": [
        {
          "schema_version": 1,
          "attributes": {
            "allow": [
              {
                "ports": [
                  "2377",
                  "7946"
                ],
                "protocol": "tcp"
              },
              {
                "ports": [
                  "7946",
                  "4789"
                ],
                "protocol": "udp"
              }
            ],
            "creation_timestamp": "2025-12-09T21:40:34.229-08:00",
            "deny": [],
            "description": "",
            "destination_ranges": [],
            "direction": "INGRESS",
            "disabled": false,
            "enable_logging": null,
            "id": "projects/kkgcplabs01-030/global/firewalls/allow-swarm",
            "log_config": [],
            "name": "allow-swarm",
            "network": "https://www.googleapis.com/compute/v1/projects/kkgcplabs01-030/global/networks/mage-vpc",
            "priority": 1000,
            "project": "kkgcplabs01-030",
            "self_link": "https://www.googleapis.com/compute/v1/projects/kkgcplabs01-030/global/firewalls/allow-swarm",
            "source_ranges": [
              "0.0.0.0/0"
            ],
            "source_service_accounts": [],
            "source_tags": [],
            "target_service_accounts": [],
            "target_tags": [],
            "timeouts": null
          },
          "sensitive_attributes": [],
          "identity_schema_version": 0,
          "private": "eyJlMmJmYjczMC1lY2FhLTExZTYtOGY4OC0zNDM2M2JjN2M0YzAiOnsiY3JlYXRlIjoxMjAwMDAwMDAwMDAwLCJkZWxldGUiOjEyMDAwMDAwMDAwMDAsInVwZGF0ZSI6MTIwMDAwMDAwMDAwMH0sInNjaGVtYV92ZXJzaW9uIjoiMSJ9",
          "dependencies": [
            "google_compute_network.vpc"
          ]
        }
      ]
    },
    {
      "mode": "managed",
      "type": "google_compute_global_forwarding_rule",
      "name": "forwarding_rule",
      "provider": "provider[\"registry.terraform.io/hashicorp/google\"]",
      "instances": [
        {
          "schema_version": 0,
          "attributes": {
            "base_forwarding_rule": "",
            "description": "",
            "effective_labels": {},
            "id": "projects/kkgcplabs01-030/global/forwardingRules/mage-forwarding-rule",
            "ip_address": "136.110.140.205",
            "ip_protocol": "TCP",
            "ip_version": "",
            "label_fingerprint": "42WmSpB8rSM=",
            "labels": {},
            "load_balancing_scheme": "EXTERNAL",
            "metadata_filters": [],
            "name": "mage-forwarding-rule",
            "network": "",
            "no_automate_dns_zone": null,
            "port_range": "80-80",
            "project": "kkgcplabs01-030",
            "psc_connection_id": "",
            "psc_connection_status": "",
            "self_link": "https://www.googleapis.com/compute/v1/projects/kkgcplabs01-030/global/forwardingRules/mage-forwarding-rule",
            "service_directory_registrations": [],
            "source_ip_ranges": [],
            "subnetwork": "",
            "target": "https://www.googleapis.com/compute/v1/projects/kkgcplabs01-030/global/targetHttpProxies/mage-http-proxy",
            "terraform_labels": {},
            "timeouts": null
          },
          "sensitive_attributes": [],
          "identity_schema_version": 0,
          "private": "eyJlMmJmYjczMC1lY2FhLTExZTYtOGY4OC0zNDM2M2JjN2M0YzAiOnsiY3JlYXRlIjoxMjAwMDAwMDAwMDAwLCJkZWxldGUiOjEyMDAwMDAwMDAwMDAsInVwZGF0ZSI6MTIwMDAwMDAwMDAwMH19",
          "dependencies": [
            "google_compute_backend_service.backend",
            "google_compute_health_check.hc",
            "google_compute_instance.vm1",
            "google_compute_instance.vm2",
            "google_compute_instance_group.ig",
            "google_compute_network.vpc",
            "google_compute_subnetwork.subnet",
            "google_compute_target_http_proxy.proxy",
            "google_compute_url_map.url_map"
          ]
        }
      ]
    },
    {
      "mode": "managed",
      "type": "google_compute_health_check",
      "name": "hc",
      "provider": "provider[\"registry.terraform.io/hashicorp/google\"]",
      "instances": [
        {
          "schema_version": 0,
          "attributes": {
            "check_interval_sec": 5,
            "creation_timestamp": "2025-12-09T20:53:06.995-08:00",
            "description": "",
            "grpc_health_check": [],
            "healthy_threshold": 2,
            "http2_health_check": [],
            "http_health_check": [],
            "https_health_check": [],
            "id": "projects/kkgcplabs01-030/global/healthChecks/mage-health-check",
            "log_config": [
              {
                "enable": false
              }
            ],
            "name": "mage-health-check",
            "project": "kkgcplabs01-030",
            "self_link": "https://www.googleapis.com/compute/v1/projects/kkgcplabs01-030/global/healthChecks/mage-health-check",
            "source_regions": [],
            "ssl_health_check": [],
            "tcp_health_check": [
              {
                "port": 8080,
                "port_name": "",
                "port_specification": "",
                "proxy_header": "NONE",
                "request": "",
                "response": ""
              }
            ],
            "timeout_sec": 5,
            "timeouts": null,
            "type": "TCP",
            "unhealthy_threshold": 2
          },
          "sensitive_attributes": [],
          "identity_schema_version": 0,
          "private": "eyJlMmJmYjczMC1lY2FhLTExZTYtOGY4OC0zNDM2M2JjN2M0YzAiOnsiY3JlYXRlIjoxMjAwMDAwMDAwMDAwLCJkZWxldGUiOjEyMDAwMDAwMDAwMDAsInVwZGF0ZSI6MTIwMDAwMDAwMDAwMH19"
        }
      ]
    },
    {
      "mode": "managed",
      "type": "google_compute_instance",
      "name": "vm1",
      "provider": "provider[\"registry.terraform.io/hashicorp/google\"]",
      "instances": [
        {
          "schema_version": 6,
          "attributes": {
            "advanced_machine_features": [],
            "allow_stopping_for_update": null,
            "attached_disk": [],
            "boot_disk": [
              {
                "auto_delete": true,
                "device_name": "persistent-disk-0",
                "disk_encryption_key_raw": "",
                "disk_encryption_key_sha256": "",
                "initialize_params": [
                  {
                    "enable_confidential_compute": false,
                    "image": "https://www.googleapis.com/compute/v1/projects/ubuntu-os-cloud/global/images/ubuntu-2204-jammy-v20251203",
                    "labels": {},
                    "provisioned_iops": 0,
                    "provisioned_throughput": 0,
                    "resource_manager_tags": {},
                    "size": 10,
                    "storage_pool": "",
                    "type": "pd-standard"
                  }
                ],
                "kms_key_self_link": "",
                "mode": "READ_WRITE",
                "source": "https://www.googleapis.com/compute/v1/projects/kkgcplabs01-030/zones/us-central1-a/disks/mage-vm-1"
              }
            ],
            "can_ip_forward": false,
            "confidential_instance_config": [],
            "cpu_platform": "Intel Broadwell",
            "current_status": "RUNNING",
            "deletion_protection": false,
            "description": "",
            "desired_status": null,
            "effective_labels": {},
            "enable_display": false,
            "guest_accelerator": [],
            "hostname": "",
            "id": "projects/kkgcplabs01-030/zones/us-central1-a/instances/mage-vm-1",
            "instance_id": "3826318424998756878",
            "label_fingerprint": "42WmSpB8rSM=",
            "labels": {},
            "machine_type": "e2-medium",
            "metadata": {
              "ssh-keys": "ubuntu:ssh-rsa AAAAB3NzaC1yc2EAAAADAQABAAABgQDMFC46ntEomtSvQXw6JqZjoBBiJmXNkkoq6PjUU07BbR9/2zgLJtQDG5iJeBtVYHFXfnEW8L1QIV1kwPMoim4fzrqmbosRZxyTAAF2cNKi3D3ehEqYYTQ/hZgVquqfI6Wnh8LlDCOTJ1eF+QxQs3RrJjDhuQ0UVPFBZnFmSPkbTjeQcQnllIlXa0rZCLFVozQigLPtcOGi/p7I66fH4W3kSa7tXetPwBPROdAWlMnIh0f+A5R0OS8b7DiBwY5xygNCwZy8YcSKo5l4DTMUxbh8wVZ4ZlrAnAl1k59K5zCitj+XeLqB39oZrKbMoaiBoD3dUhdPU0YXm1CJSIJ+6hWV+S61xt1aDdzZWEaU/RUZ53hL+vDyQ8AI3bAiNaNRpUeISDITmBUFOPihsTQ2cgc91igtbmF9eZdWay5RwdBjDcNSxjSsK0VCKyweZdVMw+QTZ5l18OO7oo98yKlXHIoqlAa+wJRNMZHwRpZM4An/eBcuGKrNbUlVAXv56VTMhec= codespace@codespaces-d2881d"
            },
            "metadata_fingerprint": "8e-7JkSCp3Q=",
            "metadata_startup_script": null,
            "min_cpu_platform": "",
            "name": "mage-vm-1",
            "network_interface": [
              {
                "access_config": [
                  {
                    "nat_ip": "34.28.81.1",
                    "network_tier": "PREMIUM",
                    "public_ptr_domain_name": ""
                  }
                ],
                "alias_ip_range": [],
                "internal_ipv6_prefix_length": 0,
                "ipv6_access_config": [],
                "ipv6_access_type": "",
                "ipv6_address": "",
                "name": "nic0",
                "network": "https://www.googleapis.com/compute/v1/projects/kkgcplabs01-030/global/networks/mage-vpc",
                "network_ip": "10.0.0.2",
                "nic_type": "",
                "queue_count": 0,
                "stack_type": "IPV4_ONLY",
                "subnetwork": "https://www.googleapis.com/compute/v1/projects/kkgcplabs01-030/regions/us-central1/subnetworks/mage-subnet",
                "subnetwork_project": "kkgcplabs01-030"
              }
            ],
            "network_performance_config": [],
            "params": [],
            "project": "kkgcplabs01-030",
            "reservation_affinity": [],
            "resource_policies": [],
            "scheduling": [
              {
                "automatic_restart": true,
                "instance_termination_action": "",
                "local_ssd_recovery_timeout": [],
                "max_run_duration": [],
                "min_node_cpus": 0,
                "node_affinities": [],
                "on_host_maintenance": "MIGRATE",
                "on_instance_stop_action": [],
                "preemptible": false,
                "provisioning_model": "STANDARD"
              }
            ],
            "scratch_disk": [],
            "self_link": "https://www.googleapis.com/compute/v1/projects/kkgcplabs01-030/zones/us-central1-a/instances/mage-vm-1",
            "service_account": [],
            "shielded_instance_config": [
              {
                "enable_integrity_monitoring": true,
                "enable_secure_boot": false,
                "enable_vtpm": true
              }
            ],
            "tags": [
              "mage"
            ],
            "tags_fingerprint": "6bNqLayOYlM=",
            "terraform_labels": {},
            "timeouts": null,
            "zone": "us-central1-a"
          },
          "sensitive_attributes": [
            [
              {
                "type": "get_attr",
                "value": "boot_disk"
              },
              {
                "type": "index",
                "value": {
                  "value": 0,
                  "type": "number"
                }
              },
              {
                "type": "get_attr",
                "value": "disk_encryption_key_raw"
              }
            ]
          ],
          "identity_schema_version": 0,
          "private": "eyJlMmJmYjczMC1lY2FhLTExZTYtOGY4OC0zNDM2M2JjN2M0YzAiOnsiY3JlYXRlIjoxMjAwMDAwMDAwMDAwLCJkZWxldGUiOjEyMDAwMDAwMDAwMDAsInVwZGF0ZSI6MTIwMDAwMDAwMDAwMH0sInNjaGVtYV92ZXJzaW9uIjoiNiJ9",
          "dependencies": [
            "google_compute_network.vpc",
            "google_compute_subnetwork.subnet"
          ]
        }
      ]
    },
    {
      "mode": "managed",
      "type": "google_compute_instance",
      "name": "vm2",
      "provider": "provider[\"registry.terraform.io/hashicorp/google\"]",
      "instances": [
        {
          "schema_version": 6,
          "attributes": {
            "advanced_machine_features": [],
            "allow_stopping_for_update": null,
            "attached_disk": [],
            "boot_disk": [
              {
                "auto_delete": true,
                "device_name": "persistent-disk-0",
                "disk_encryption_key_raw": "",
                "disk_encryption_key_sha256": "",
                "initialize_params": [
                  {
                    "enable_confidential_compute": false,
                    "image": "https://www.googleapis.com/compute/v1/projects/ubuntu-os-cloud/global/images/ubuntu-2204-jammy-v20251203",
                    "labels": {},
                    "provisioned_iops": 0,
                    "provisioned_throughput": 0,
                    "resource_manager_tags": {},
                    "size": 10,
                    "storage_pool": "",
                    "type": "pd-standard"
                  }
                ],
                "kms_key_self_link": "",
                "mode": "READ_WRITE",
                "source": "https://www.googleapis.com/compute/v1/projects/kkgcplabs01-030/zones/us-central1-a/disks/mage-vm-2"
              }
            ],
            "can_ip_forward": false,
            "confidential_instance_config": [],
            "cpu_platform": "Intel Broadwell",
            "current_status": "RUNNING",
            "deletion_protection": false,
            "description": "",
            "desired_status": null,
            "effective_labels": {},
            "enable_display": false,
            "guest_accelerator": [],
            "hostname": "",
            "id": "projects/kkgcplabs01-030/zones/us-central1-a/instances/mage-vm-2",
            "instance_id": "8653454988134400526",
            "label_fingerprint": "42WmSpB8rSM=",
            "labels": {},
            "machine_type": "e2-medium",
            "metadata": {
              "ssh-keys": "ubuntu:ssh-rsa AAAAB3NzaC1yc2EAAAADAQABAAABgQDMFC46ntEomtSvQXw6JqZjoBBiJmXNkkoq6PjUU07BbR9/2zgLJtQDG5iJeBtVYHFXfnEW8L1QIV1kwPMoim4fzrqmbosRZxyTAAF2cNKi3D3ehEqYYTQ/hZgVquqfI6Wnh8LlDCOTJ1eF+QxQs3RrJjDhuQ0UVPFBZnFmSPkbTjeQcQnllIlXa0rZCLFVozQigLPtcOGi/p7I66fH4W3kSa7tXetPwBPROdAWlMnIh0f+A5R0OS8b7DiBwY5xygNCwZy8YcSKo5l4DTMUxbh8wVZ4ZlrAnAl1k59K5zCitj+XeLqB39oZrKbMoaiBoD3dUhdPU0YXm1CJSIJ+6hWV+S61xt1aDdzZWEaU/RUZ53hL+vDyQ8AI3bAiNaNRpUeISDITmBUFOPihsTQ2cgc91igtbmF9eZdWay5RwdBjDcNSxjSsK0VCKyweZdVMw+QTZ5l18OO7oo98yKlXHIoqlAa+wJRNMZHwRpZM4An/eBcuGKrNbUlVAXv56VTMhec= codespace@codespaces-d2881d"
            },
            "metadata_fingerprint": "8e-7JkSCp3Q=",
            "metadata_startup_script": null,
            "min_cpu_platform": "",
            "name": "mage-vm-2",
            "network_interface": [
              {
                "access_config": [
                  {
                    "nat_ip": "34.132.79.174",
                    "network_tier": "PREMIUM",
                    "public_ptr_domain_name": ""
                  }
                ],
                "alias_ip_range": [],
                "internal_ipv6_prefix_length": 0,
                "ipv6_access_config": [],
                "ipv6_access_type": "",
                "ipv6_address": "",
                "name": "nic0",
                "network": "https://www.googleapis.com/compute/v1/projects/kkgcplabs01-030/global/networks/mage-vpc",
                "network_ip": "10.0.0.3",
                "nic_type": "",
                "queue_count": 0,
                "stack_type": "IPV4_ONLY",
                "subnetwork": "https://www.googleapis.com/compute/v1/projects/kkgcplabs01-030/regions/us-central1/subnetworks/mage-subnet",
                "subnetwork_project": "kkgcplabs01-030"
              }
            ],
            "network_performance_config": [],
            "params": [],
            "project": "kkgcplabs01-030",
            "reservation_affinity": [],
            "resource_policies": [],
            "scheduling": [
              {
                "automatic_restart": true,
                "instance_termination_action": "",
                "local_ssd_recovery_timeout": [],
                "max_run_duration": [],
                "min_node_cpus": 0,
                "node_affinities": [],
                "on_host_maintenance": "MIGRATE",
                "on_instance_stop_action": [],
                "preemptible": false,
                "provisioning_model": "STANDARD"
              }
            ],
            "scratch_disk": [],
            "self_link": "https://www.googleapis.com/compute/v1/projects/kkgcplabs01-030/zones/us-central1-a/instances/mage-vm-2",
            "service_account": [],
            "shielded_instance_config": [
              {
                "enable_integrity_monitoring": true,
                "enable_secure_boot": false,
                "enable_vtpm": true
              }
            ],
            "tags": [
              "mage"
            ],
            "tags_fingerprint": "6bNqLayOYlM=",
            "terraform_labels": {},
            "timeouts": null,
            "zone": "us-central1-a"
          },
          "sensitive_attributes": [
            [
              {
                "type": "get_attr",
                "value": "boot_disk"
              },
              {
                "type": "index",
                "value": {
                  "value": 0,
                  "type": "number"
                }
              },
              {
                "type": "get_attr",
                "value": "disk_encryption_key_raw"
              }
            ]
          ],
          "identity_schema_version": 0,
          "private": "eyJlMmJmYjczMC1lY2FhLTExZTYtOGY4OC0zNDM2M2JjN2M0YzAiOnsiY3JlYXRlIjoxMjAwMDAwMDAwMDAwLCJkZWxldGUiOjEyMDAwMDAwMDAwMDAsInVwZGF0ZSI6MTIwMDAwMDAwMDAwMH0sInNjaGVtYV92ZXJzaW9uIjoiNiJ9",
          "dependencies": [
            "google_compute_network.vpc",
            "google_compute_subnetwork.subnet"
          ]
        }
      ]
    },
    {
      "mode": "managed",
      "type": "google_compute_instance_group",
      "name": "ig",
      "provider": "provider[\"registry.terraform.io/hashicorp/google\"]",
      "instances": [
        {
          "schema_version": 2,
          "attributes": {
            "description": "",
            "id": "projects/kkgcplabs01-030/zones/us-central1-a/instanceGroups/mage-instance-group",
            "instances": [
              "https://www.googleapis.com/compute/v1/projects/kkgcplabs01-030/zones/us-central1-a/instances/mage-vm-1",
              "https://www.googleapis.com/compute/v1/projects/kkgcplabs01-030/zones/us-central1-a/instances/mage-vm-2"
            ],
            "name": "mage-instance-group",
            "named_port": [
              {
                "name": "http",
                "port": 8080
              }
            ],
            "network": "https://www.googleapis.com/compute/v1/projects/kkgcplabs01-030/global/networks/mage-vpc",
            "project": "kkgcplabs01-030",
            "self_link": "https://www.googleapis.com/compute/v1/projects/kkgcplabs01-030/zones/us-central1-a/instanceGroups/mage-instance-group",
            "size": 2,
            "timeouts": null,
            "zone": "us-central1-a"
          },
          "sensitive_attributes": [],
          "identity_schema_version": 0,
          "private": "eyJlMmJmYjczMC1lY2FhLTExZTYtOGY4OC0zNDM2M2JjN2M0YzAiOnsiY3JlYXRlIjozNjAwMDAwMDAwMDAsImRlbGV0ZSI6MzYwMDAwMDAwMDAwLCJ1cGRhdGUiOjM2MDAwMDAwMDAwMH0sInNjaGVtYV92ZXJzaW9uIjoiMiJ9",
          "dependencies": [
            "google_compute_instance.vm1",
            "google_compute_instance.vm2",
            "google_compute_network.vpc",
            "google_compute_subnetwork.subnet"
          ]
        }
      ]
    },
    {
      "mode": "managed",
      "type": "google_compute_network",
      "name": "vpc",
      "provider": "provider[\"registry.terraform.io/hashicorp/google\"]",
      "instances": [
        {
          "schema_version": 0,
          "attributes": {
            "auto_create_subnetworks": false,
            "delete_default_routes_on_create": false,
            "description": "",
            "enable_ula_internal_ipv6": false,
            "gateway_ipv4": "",
            "id": "projects/kkgcplabs01-030/global/networks/mage-vpc",
            "internal_ipv6_range": "",
            "mtu": 0,
            "name": "mage-vpc",
            "network_firewall_policy_enforcement_order": "AFTER_CLASSIC_FIREWALL",
            "numeric_id": "4653880772360749661",
            "project": "kkgcplabs01-030",
            "routing_mode": "REGIONAL",
            "self_link": "https://www.googleapis.com/compute/v1/projects/kkgcplabs01-030/global/networks/mage-vpc",
            "timeouts": null
          },
          "sensitive_attributes": [],
          "identity_schema_version": 0,
          "private": "eyJlMmJmYjczMC1lY2FhLTExZTYtOGY4OC0zNDM2M2JjN2M0YzAiOnsiY3JlYXRlIjoxMjAwMDAwMDAwMDAwLCJkZWxldGUiOjEyMDAwMDAwMDAwMDAsInVwZGF0ZSI6MTIwMDAwMDAwMDAwMH19"
        }
      ]
    },
    {
      "mode": "managed",
      "type": "google_compute_subnetwork",
      "name": "subnet",
      "provider": "provider[\"registry.terraform.io/hashicorp/google\"]",
      "instances": [
        {
          "schema_version": 0,
          "attributes": {
            "creation_timestamp": "2025-12-09T20:53:28.795-08:00",
            "description": "",
            "external_ipv6_prefix": "",
            "fingerprint": null,
            "gateway_address": "10.0.0.1",
            "id": "projects/kkgcplabs01-030/regions/us-central1/subnetworks/mage-subnet",
            "internal_ipv6_prefix": "",
            "ip_cidr_range": "10.0.0.0/24",
            "ipv6_access_type": "",
            "ipv6_cidr_range": "",
            "log_config": [],
            "name": "mage-subnet",
            "network": "https://www.googleapis.com/compute/v1/projects/kkgcplabs01-030/global/networks/mage-vpc",
            "private_ip_google_access": false,
            "private_ipv6_google_access": "DISABLE_GOOGLE_ACCESS",
            "project": "kkgcplabs01-030",
            "purpose": "PRIVATE",
            "region": "us-central1",
            "role": "",
            "secondary_ip_range": [],
            "self_link": "https://www.googleapis.com/compute/v1/projects/kkgcplabs01-030/regions/us-central1/subnetworks/mage-subnet",
            "send_secondary_ip_range_if_empty": null,
            "stack_type": "IPV4_ONLY",
            "timeouts": null
          },
          "sensitive_attributes": [],
          "identity_schema_version": 0,
          "private": "eyJlMmJmYjczMC1lY2FhLTExZTYtOGY4OC0zNDM2M2JjN2M0YzAiOnsiY3JlYXRlIjoxMjAwMDAwMDAwMDAwLCJkZWxldGUiOjEyMDAwMDAwMDAwMDAsInVwZGF0ZSI6MTIwMDAwMDAwMDAwMH19",
          "dependencies": [
            "google_compute_network.vpc"
          ]
        }
      ]
    },
    {
      "mode": "managed",
      "type": "google_compute_target_http_proxy",
      "name": "proxy",
      "provider": "provider[\"registry.terraform.io/hashicorp/google\"]",
      "instances": [
        {
          "schema_version": 0,
          "attributes": {
            "creation_timestamp": "2025-12-09T20:55:23.957-08:00",
            "description": "",
            "http_keep_alive_timeout_sec": 0,
            "id": "projects/kkgcplabs01-030/global/targetHttpProxies/mage-http-proxy",
            "name": "mage-http-proxy",
            "project": "kkgcplabs01-030",
            "proxy_bind": false,
            "proxy_id": 8376458025930933204,
            "self_link": "https://www.googleapis.com/compute/v1/projects/kkgcplabs01-030/global/targetHttpProxies/mage-http-proxy",
            "timeouts": null,
            "url_map": "https://www.googleapis.com/compute/v1/projects/kkgcplabs01-030/global/urlMaps/mage-url-map"
          },
          "sensitive_attributes": [],
          "identity_schema_version": 0,
          "private": "eyJlMmJmYjczMC1lY2FhLTExZTYtOGY4OC0zNDM2M2JjN2M0YzAiOnsiY3JlYXRlIjoxMjAwMDAwMDAwMDAwLCJkZWxldGUiOjEyMDAwMDAwMDAwMDAsInVwZGF0ZSI6MTIwMDAwMDAwMDAwMH19",
          "dependencies": [
            "google_compute_backend_service.backend",
            "google_compute_health_check.hc",
            "google_compute_instance.vm1",
            "google_compute_instance.vm2",
            "google_compute_instance_group.ig",
            "google_compute_network.vpc",
            "google_compute_subnetwork.subnet",
            "google_compute_url_map.url_map"
          ]
        }
      ]
    },
    {
      "mode": "managed",
      "type": "google_compute_url_map",
      "name": "url_map",
      "provider": "provider[\"registry.terraform.io/hashicorp/google\"]",
      "instances": [
        {
          "schema_version": 0,
          "attributes": {
            "creation_timestamp": "2025-12-09T20:55:12.296-08:00",
            "default_route_action": [],
            "default_service": "https://www.googleapis.com/compute/v1/projects/kkgcplabs01-030/global/backendServices/mage-backend",
            "default_url_redirect": [],
            "description": "",
            "fingerprint": "oGaLS5UtBY0=",
            "header_action": [],
            "host_rule": [],
            "id": "projects/kkgcplabs01-030/global/urlMaps/mage-url-map",
            "map_id": 5873204172170806239,
            "name": "mage-url-map",
            "path_matcher": [],
            "project": "kkgcplabs01-030",
            "self_link": "https://www.googleapis.com/compute/v1/projects/kkgcplabs01-030/global/urlMaps/mage-url-map",
            "test": [],
            "timeouts": null
          },
          "sensitive_attributes": [],
          "identity_schema_version": 0,
          "private": "eyJlMmJmYjczMC1lY2FhLTExZTYtOGY4OC0zNDM2M2JjN2M0YzAiOnsiY3JlYXRlIjoxMjAwMDAwMDAwMDAwLCJkZWxldGUiOjEyMDAwMDAwMDAwMDAsInVwZGF0ZSI6MTIwMDAwMDAwMDAwMH19",
          "dependencies": [
            "google_compute_backend_service.backend",
            "google_compute_health_check.hc",
            "google_compute_instance.vm1",
            "google_compute_instance.vm2",
            "google_compute_instance_group.ig",
            "google_compute_network.vpc",
            "google_compute_subnetwork.subnet"
          ]
        }
      ]
    }
  ],
  "check_results": null
}
